// !$*UTF8*$!
{
	archiveVersion = 1;
	classes = {
	};
	objectVersion = 50;
	objects = {

/* Begin PBXBuildFile section */
		0756B376215349B700B99C98 /* AppDelegate.m in Sources */ = {isa = PBXBuildFile; fileRef = 0756B375215349B700B99C98 /* AppDelegate.m */; };
		0756B37E215349B800B99C98 /* Assets.xcassets in Resources */ = {isa = PBXBuildFile; fileRef = 0756B37D215349B800B99C98 /* Assets.xcassets */; };
		0756B384215349B800B99C98 /* main.m in Sources */ = {isa = PBXBuildFile; fileRef = 0756B383215349B800B99C98 /* main.m */; };
		0756B38E215349B900B99C98 /* JXWelcomeViewTests.m in Sources */ = {isa = PBXBuildFile; fileRef = 0756B38D215349B900B99C98 /* JXWelcomeViewTests.m */; };
		0756B399215349B900B99C98 /* JXWelcomeViewUITests.m in Sources */ = {isa = PBXBuildFile; fileRef = 0756B398215349B900B99C98 /* JXWelcomeViewUITests.m */; };
		0756B3AB2153828A00B99C98 /* JXWelcomeVideoView.m in Sources */ = {isa = PBXBuildFile; fileRef = 0756B3AA2153828A00B99C98 /* JXWelcomeVideoView.m */; };
		0756B3AF2153831200B99C98 /* JXWelcomeModel.m in Sources */ = {isa = PBXBuildFile; fileRef = 0756B3AE2153831200B99C98 /* JXWelcomeModel.m */; };
		0756B3B32153834700B99C98 /* WelcomeVC.m in Sources */ = {isa = PBXBuildFile; fileRef = 0756B3B22153834700B99C98 /* WelcomeVC.m */; };
		079F922D215A045100FAEE72 /* UIColor+JXExtend.m in Sources */ = {isa = PBXBuildFile; fileRef = 079F9229215A045100FAEE72 /* UIColor+JXExtend.m */; };
		079F922E215A045100FAEE72 /* JXUtilities.m in Sources */ = {isa = PBXBuildFile; fileRef = 079F922A215A045100FAEE72 /* JXUtilities.m */; };
		079F9234215A184800FAEE72 /* demo.mp4 in Resources */ = {isa = PBXBuildFile; fileRef = 079F9233215A184800FAEE72 /* demo.mp4 */; };
		079F9237215A1C0D00FAEE72 /* welcome_skip_normal@2x.png in Resources */ = {isa = PBXBuildFile; fileRef = 079F9235215A1C0D00FAEE72 /* welcome_skip_normal@2x.png */; };
		079F9238215A1C0D00FAEE72 /* welcome_skip_highlight@2x.png in Resources */ = {isa = PBXBuildFile; fileRef = 079F9236215A1C0D00FAEE72 /* welcome_skip_highlight@2x.png */; };
		167B4257417B3E0272007762 /* libPods-JXWelcomeViewTests.a in Frameworks */ = {isa = PBXBuildFile; fileRef = 3D60282E5E0D70C2FC4C18D3 /* libPods-JXWelcomeViewTests.a */; };
		E110ACB1A06137754181640A /* libPods-JXWelcomeView.a in Frameworks */ = {isa = PBXBuildFile; fileRef = 3CDAD59597879CC93B046568 /* libPods-JXWelcomeView.a */; };
		FE3E8F9F3F8BD12C1CECB5DA /* libPods-JXWelcomeViewUITests.a in Frameworks */ = {isa = PBXBuildFile; fileRef = CB1D7008F70A16874A306A5B /* libPods-JXWelcomeViewUITests.a */; };
/* End PBXBuildFile section */

/* Begin PBXContainerItemProxy section */
		0756B38A215349B900B99C98 /* PBXContainerItemProxy */ = {
			isa = PBXContainerItemProxy;
			containerPortal = 0756B369215349B700B99C98 /* Project object */;
			proxyType = 1;
			remoteGlobalIDString = 0756B370215349B700B99C98;
			remoteInfo = JXWelcomeView;
		};
		0756B395215349B900B99C98 /* PBXContainerItemProxy */ = {
			isa = PBXContainerItemProxy;
			containerPortal = 0756B369215349B700B99C98 /* Project object */;
			proxyType = 1;
			remoteGlobalIDString = 0756B370215349B700B99C98;
			remoteInfo = JXWelcomeView;
		};
/* End PBXContainerItemProxy section */

/* Begin PBXFileReference section */
		04D2AB0A11789A20F5C770E3 /* Pods-JXWelcomeViewUITests.release.xcconfig */ = {isa = PBXFileReference; includeInIndex = 1; lastKnownFileType = text.xcconfig; name = "Pods-JXWelcomeViewUITests.release.xcconfig"; path = "Pods/Target Support Files/Pods-JXWelcomeViewUITests/Pods-JXWelcomeViewUITests.release.xcconfig"; sourceTree = "<group>"; };
		0756B371215349B700B99C98 /* JXWelcomeView.app */ = {isa = PBXFileReference; explicitFileType = wrapper.application; includeInIndex = 0; path = JXWelcomeView.app; sourceTree = BUILT_PRODUCTS_DIR; };
		0756B374215349B700B99C98 /* AppDelegate.h */ = {isa = PBXFileReference; lastKnownFileType = sourcecode.c.h; path = AppDelegate.h; sourceTree = "<group>"; };
		0756B375215349B700B99C98 /* AppDelegate.m */ = {isa = PBXFileReference; lastKnownFileType = sourcecode.c.objc; path = AppDelegate.m; sourceTree = "<group>"; };
		0756B37D215349B800B99C98 /* Assets.xcassets */ = {isa = PBXFileReference; lastKnownFileType = folder.assetcatalog; path = Assets.xcassets; sourceTree = "<group>"; };
		0756B382215349B800B99C98 /* Info.plist */ = {isa = PBXFileReference; lastKnownFileType = text.plist.xml; path = Info.plist; sourceTree = "<group>"; };
		0756B383215349B800B99C98 /* main.m */ = {isa = PBXFileReference; lastKnownFileType = sourcecode.c.objc; path = main.m; sourceTree = "<group>"; };
		0756B389215349B900B99C98 /* JXWelcomeViewTests.xctest */ = {isa = PBXFileReference; explicitFileType = wrapper.cfbundle; includeInIndex = 0; path = JXWelcomeViewTests.xctest; sourceTree = BUILT_PRODUCTS_DIR; };
		0756B38D215349B900B99C98 /* JXWelcomeViewTests.m */ = {isa = PBXFileReference; lastKnownFileType = sourcecode.c.objc; path = JXWelcomeViewTests.m; sourceTree = "<group>"; };
		0756B38F215349B900B99C98 /* Info.plist */ = {isa = PBXFileReference; lastKnownFileType = text.plist.xml; path = Info.plist; sourceTree = "<group>"; };
		0756B394215349B900B99C98 /* JXWelcomeViewUITests.xctest */ = {isa = PBXFileReference; explicitFileType = wrapper.cfbundle; includeInIndex = 0; path = JXWelcomeViewUITests.xctest; sourceTree = BUILT_PRODUCTS_DIR; };
		0756B398215349B900B99C98 /* JXWelcomeViewUITests.m */ = {isa = PBXFileReference; lastKnownFileType = sourcecode.c.objc; path = JXWelcomeViewUITests.m; sourceTree = "<group>"; };
		0756B39A215349B900B99C98 /* Info.plist */ = {isa = PBXFileReference; lastKnownFileType = text.plist.xml; path = Info.plist; sourceTree = "<group>"; };
		0756B3A92153828A00B99C98 /* JXWelcomeVideoView.h */ = {isa = PBXFileReference; lastKnownFileType = sourcecode.c.h; path = JXWelcomeVideoView.h; sourceTree = "<group>"; };
		0756B3AA2153828A00B99C98 /* JXWelcomeVideoView.m */ = {isa = PBXFileReference; lastKnownFileType = sourcecode.c.objc; path = JXWelcomeVideoView.m; sourceTree = "<group>"; };
		0756B3AD2153831200B99C98 /* JXWelcomeModel.h */ = {isa = PBXFileReference; lastKnownFileType = sourcecode.c.h; path = JXWelcomeModel.h; sourceTree = "<group>"; };
		0756B3AE2153831200B99C98 /* JXWelcomeModel.m */ = {isa = PBXFileReference; lastKnownFileType = sourcecode.c.objc; path = JXWelcomeModel.m; sourceTree = "<group>"; };
		0756B3B12153834700B99C98 /* WelcomeVC.h */ = {isa = PBXFileReference; lastKnownFileType = sourcecode.c.h; path = WelcomeVC.h; sourceTree = "<group>"; };
		0756B3B22153834700B99C98 /* WelcomeVC.m */ = {isa = PBXFileReference; lastKnownFileType = sourcecode.c.objc; path = WelcomeVC.m; sourceTree = "<group>"; };
		079F9229215A045100FAEE72 /* UIColor+JXExtend.m */ = {isa = PBXFileReference; fileEncoding = 4; lastKnownFileType = sourcecode.c.objc; path = "UIColor+JXExtend.m"; sourceTree = "<group>"; };
		079F922A215A045100FAEE72 /* JXUtilities.m */ = {isa = PBXFileReference; fileEncoding = 4; lastKnownFileType = sourcecode.c.objc; path = JXUtilities.m; sourceTree = "<group>"; };
		079F922B215A045100FAEE72 /* UIColor+JXExtend.h */ = {isa = PBXFileReference; fileEncoding = 4; lastKnownFileType = sourcecode.c.h; path = "UIColor+JXExtend.h"; sourceTree = "<group>"; };
		079F922C215A045100FAEE72 /* JXUtilities.h */ = {isa = PBXFileReference; fileEncoding = 4; lastKnownFileType = sourcecode.c.h; path = JXUtilities.h; sourceTree = "<group>"; };
		079F9233215A184800FAEE72 /* demo.mp4 */ = {isa = PBXFileReference; lastKnownFileType = file; path = demo.mp4; sourceTree = "<group>"; };
		079F9235215A1C0D00FAEE72 /* welcome_skip_normal@2x.png */ = {isa = PBXFileReference; lastKnownFileType = image.png; path = "welcome_skip_normal@2x.png"; sourceTree = "<group>"; };
		079F9236215A1C0D00FAEE72 /* welcome_skip_highlight@2x.png */ = {isa = PBXFileReference; lastKnownFileType = image.png; path = "welcome_skip_highlight@2x.png"; sourceTree = "<group>"; };
		261E048F6AC1AB6381F1B285 /* Pods-JXWelcomeViewUITests.debug.xcconfig */ = {isa = PBXFileReference; includeInIndex = 1; lastKnownFileType = text.xcconfig; name = "Pods-JXWelcomeViewUITests.debug.xcconfig"; path = "Pods/Target Support Files/Pods-JXWelcomeViewUITests/Pods-JXWelcomeViewUITests.debug.xcconfig"; sourceTree = "<group>"; };
		3CDAD59597879CC93B046568 /* libPods-JXWelcomeView.a */ = {isa = PBXFileReference; explicitFileType = archive.ar; includeInIndex = 0; path = "libPods-JXWelcomeView.a"; sourceTree = BUILT_PRODUCTS_DIR; };
		3D60282E5E0D70C2FC4C18D3 /* libPods-JXWelcomeViewTests.a */ = {isa = PBXFileReference; explicitFileType = archive.ar; includeInIndex = 0; path = "libPods-JXWelcomeViewTests.a"; sourceTree = BUILT_PRODUCTS_DIR; };
		401C9AD97A9A4FFD9684706C /* Pods-JXWelcomeView.debug.xcconfig */ = {isa = PBXFileReference; includeInIndex = 1; lastKnownFileType = text.xcconfig; name = "Pods-JXWelcomeView.debug.xcconfig"; path = "Pods/Target Support Files/Pods-JXWelcomeView/Pods-JXWelcomeView.debug.xcconfig"; sourceTree = "<group>"; };
		49AAA760A5F94B7447FE7EA6 /* Pods-JXWelcomeViewTests.release.xcconfig */ = {isa = PBXFileReference; includeInIndex = 1; lastKnownFileType = text.xcconfig; name = "Pods-JXWelcomeViewTests.release.xcconfig"; path = "Pods/Target Support Files/Pods-JXWelcomeViewTests/Pods-JXWelcomeViewTests.release.xcconfig"; sourceTree = "<group>"; };
		AD60EEF31DB390257E1203E0 /* Pods-JXWelcomeView.release.xcconfig */ = {isa = PBXFileReference; includeInIndex = 1; lastKnownFileType = text.xcconfig; name = "Pods-JXWelcomeView.release.xcconfig"; path = "Pods/Target Support Files/Pods-JXWelcomeView/Pods-JXWelcomeView.release.xcconfig"; sourceTree = "<group>"; };
		CB1D7008F70A16874A306A5B /* libPods-JXWelcomeViewUITests.a */ = {isa = PBXFileReference; explicitFileType = archive.ar; includeInIndex = 0; path = "libPods-JXWelcomeViewUITests.a"; sourceTree = BUILT_PRODUCTS_DIR; };
		E76251B064602EEC4F2CF03E /* Pods-JXWelcomeViewTests.debug.xcconfig */ = {isa = PBXFileReference; includeInIndex = 1; lastKnownFileType = text.xcconfig; name = "Pods-JXWelcomeViewTests.debug.xcconfig"; path = "Pods/Target Support Files/Pods-JXWelcomeViewTests/Pods-JXWelcomeViewTests.debug.xcconfig"; sourceTree = "<group>"; };
/* End PBXFileReference section */

/* Begin PBXFrameworksBuildPhase section */
		0756B36E215349B700B99C98 /* Frameworks */ = {
			isa = PBXFrameworksBuildPhase;
			buildActionMask = 2147483647;
			files = (
				E110ACB1A06137754181640A /* libPods-JXWelcomeView.a in Frameworks */,
			);
			runOnlyForDeploymentPostprocessing = 0;
		};
		0756B386215349B900B99C98 /* Frameworks */ = {
			isa = PBXFrameworksBuildPhase;
			buildActionMask = 2147483647;
			files = (
				167B4257417B3E0272007762 /* libPods-JXWelcomeViewTests.a in Frameworks */,
			);
			runOnlyForDeploymentPostprocessing = 0;
		};
		0756B391215349B900B99C98 /* Frameworks */ = {
			isa = PBXFrameworksBuildPhase;
			buildActionMask = 2147483647;
			files = (
				FE3E8F9F3F8BD12C1CECB5DA /* libPods-JXWelcomeViewUITests.a in Frameworks */,
			);
			runOnlyForDeploymentPostprocessing = 0;
		};
/* End PBXFrameworksBuildPhase section */

/* Begin PBXGroup section */
		0756B368215349B700B99C98 = {
			isa = PBXGroup;
			children = (
				0756B373215349B700B99C98 /* JXWelcomeView */,
				0756B38C215349B900B99C98 /* JXWelcomeViewTests */,
				0756B397215349B900B99C98 /* JXWelcomeViewUITests */,
				0756B372215349B700B99C98 /* Products */,
				281F8F3D191F00496E1BE4A5 /* Pods */,
				B4A777B2B21B59DC68AA4762 /* Frameworks */,
			);
			sourceTree = "<group>";
		};
		0756B372215349B700B99C98 /* Products */ = {
			isa = PBXGroup;
			children = (
				0756B371215349B700B99C98 /* JXWelcomeView.app */,
				0756B389215349B900B99C98 /* JXWelcomeViewTests.xctest */,
				0756B394215349B900B99C98 /* JXWelcomeViewUITests.xctest */,
			);
			name = Products;
			sourceTree = "<group>";
		};
		0756B373215349B700B99C98 /* JXWelcomeView */ = {
			isa = PBXGroup;
			children = (
				079F9236215A1C0D00FAEE72 /* welcome_skip_highlight@2x.png */,
				079F9235215A1C0D00FAEE72 /* welcome_skip_normal@2x.png */,
				079F9233215A184800FAEE72 /* demo.mp4 */,
				079F9228215A045100FAEE72 /* JXTool */,
				0756B3AC215382C900B99C98 /* JXWelcomeView */,
				0756B3B02153832300B99C98 /* Example */,
				0756B374215349B700B99C98 /* AppDelegate.h */,
				0756B375215349B700B99C98 /* AppDelegate.m */,
				0756B37D215349B800B99C98 /* Assets.xcassets */,
				0756B382215349B800B99C98 /* Info.plist */,
				0756B383215349B800B99C98 /* main.m */,
			);
			path = JXWelcomeView;
			sourceTree = "<group>";
		};
		0756B38C215349B900B99C98 /* JXWelcomeViewTests */ = {
			isa = PBXGroup;
			children = (
				0756B38D215349B900B99C98 /* JXWelcomeViewTests.m */,
				0756B38F215349B900B99C98 /* Info.plist */,
			);
			path = JXWelcomeViewTests;
			sourceTree = "<group>";
		};
		0756B397215349B900B99C98 /* JXWelcomeViewUITests */ = {
			isa = PBXGroup;
			children = (
				0756B398215349B900B99C98 /* JXWelcomeViewUITests.m */,
				0756B39A215349B900B99C98 /* Info.plist */,
			);
			path = JXWelcomeViewUITests;
			sourceTree = "<group>";
		};
		0756B3A82153825A00B99C98 /* JXWelcomeVideoView */ = {
			isa = PBXGroup;
			children = (
				0756B3A92153828A00B99C98 /* JXWelcomeVideoView.h */,
				0756B3AA2153828A00B99C98 /* JXWelcomeVideoView.m */,
			);
			path = JXWelcomeVideoView;
			sourceTree = "<group>";
		};
		0756B3AC215382C900B99C98 /* JXWelcomeView */ = {
			isa = PBXGroup;
			children = (
				0756B3AD2153831200B99C98 /* JXWelcomeModel.h */,
				0756B3AE2153831200B99C98 /* JXWelcomeModel.m */,
				0756B3A82153825A00B99C98 /* JXWelcomeVideoView */,
			);
			path = JXWelcomeView;
			sourceTree = "<group>";
		};
		0756B3B02153832300B99C98 /* Example */ = {
			isa = PBXGroup;
			children = (
				0756B3B12153834700B99C98 /* WelcomeVC.h */,
				0756B3B22153834700B99C98 /* WelcomeVC.m */,
			);
			path = Example;
			sourceTree = "<group>";
		};
		079F9228215A045100FAEE72 /* JXTool */ = {
			isa = PBXGroup;
			children = (
				079F922B215A045100FAEE72 /* UIColor+JXExtend.h */,
				079F9229215A045100FAEE72 /* UIColor+JXExtend.m */,
				079F922C215A045100FAEE72 /* JXUtilities.h */,
				079F922A215A045100FAEE72 /* JXUtilities.m */,
			);
			path = JXTool;
			sourceTree = "<group>";
		};
		281F8F3D191F00496E1BE4A5 /* Pods */ = {
			isa = PBXGroup;
			children = (
				401C9AD97A9A4FFD9684706C /* Pods-JXWelcomeView.debug.xcconfig */,
				AD60EEF31DB390257E1203E0 /* Pods-JXWelcomeView.release.xcconfig */,
				E76251B064602EEC4F2CF03E /* Pods-JXWelcomeViewTests.debug.xcconfig */,
				49AAA760A5F94B7447FE7EA6 /* Pods-JXWelcomeViewTests.release.xcconfig */,
				261E048F6AC1AB6381F1B285 /* Pods-JXWelcomeViewUITests.debug.xcconfig */,
				04D2AB0A11789A20F5C770E3 /* Pods-JXWelcomeViewUITests.release.xcconfig */,
			);
			name = Pods;
			sourceTree = "<group>";
		};
		B4A777B2B21B59DC68AA4762 /* Frameworks */ = {
			isa = PBXGroup;
			children = (
				3CDAD59597879CC93B046568 /* libPods-JXWelcomeView.a */,
				3D60282E5E0D70C2FC4C18D3 /* libPods-JXWelcomeViewTests.a */,
				CB1D7008F70A16874A306A5B /* libPods-JXWelcomeViewUITests.a */,
			);
			name = Frameworks;
			sourceTree = "<group>";
		};
/* End PBXGroup section */

/* Begin PBXNativeTarget section */
		0756B370215349B700B99C98 /* JXWelcomeView */ = {
			isa = PBXNativeTarget;
			buildConfigurationList = 0756B39D215349B900B99C98 /* Build configuration list for PBXNativeTarget "JXWelcomeView" */;
			buildPhases = (
				4D4A848B608B0E80B69C3EF5 /* [CP] Check Pods Manifest.lock */,
				0756B36D215349B700B99C98 /* Sources */,
				0756B36E215349B700B99C98 /* Frameworks */,
				0756B36F215349B700B99C98 /* Resources */,
			);
			buildRules = (
			);
			dependencies = (
			);
			name = JXWelcomeView;
			productName = JXWelcomeView;
			productReference = 0756B371215349B700B99C98 /* JXWelcomeView.app */;
			productType = "com.apple.product-type.application";
		};
		0756B388215349B900B99C98 /* JXWelcomeViewTests */ = {
			isa = PBXNativeTarget;
			buildConfigurationList = 0756B3A0215349B900B99C98 /* Build configuration list for PBXNativeTarget "JXWelcomeViewTests" */;
			buildPhases = (
				DD51F7A9C27101170A75B62E /* [CP] Check Pods Manifest.lock */,
				0756B385215349B900B99C98 /* Sources */,
				0756B386215349B900B99C98 /* Frameworks */,
				0756B387215349B900B99C98 /* Resources */,
			);
			buildRules = (
			);
			dependencies = (
				0756B38B215349B900B99C98 /* PBXTargetDependency */,
			);
			name = JXWelcomeViewTests;
			productName = JXWelcomeViewTests;
			productReference = 0756B389215349B900B99C98 /* JXWelcomeViewTests.xctest */;
			productType = "com.apple.product-type.bundle.unit-test";
		};
		0756B393215349B900B99C98 /* JXWelcomeViewUITests */ = {
			isa = PBXNativeTarget;
			buildConfigurationList = 0756B3A3215349B900B99C98 /* Build configuration list for PBXNativeTarget "JXWelcomeViewUITests" */;
			buildPhases = (
				4D228ACA19F645CFE1658DED /* [CP] Check Pods Manifest.lock */,
				0756B390215349B900B99C98 /* Sources */,
				0756B391215349B900B99C98 /* Frameworks */,
				0756B392215349B900B99C98 /* Resources */,
			);
			buildRules = (
			);
			dependencies = (
				0756B396215349B900B99C98 /* PBXTargetDependency */,
			);
			name = JXWelcomeViewUITests;
			productName = JXWelcomeViewUITests;
			productReference = 0756B394215349B900B99C98 /* JXWelcomeViewUITests.xctest */;
			productType = "com.apple.product-type.bundle.ui-testing";
		};
/* End PBXNativeTarget section */

/* Begin PBXProject section */
		0756B369215349B700B99C98 /* Project object */ = {
			isa = PBXProject;
			attributes = {
				LastUpgradeCheck = 0930;
				ORGANIZATIONNAME = JX;
				TargetAttributes = {
					0756B370215349B700B99C98 = {
						CreatedOnToolsVersion = 9.3;
					};
					0756B388215349B900B99C98 = {
						CreatedOnToolsVersion = 9.3;
						TestTargetID = 0756B370215349B700B99C98;
					};
					0756B393215349B900B99C98 = {
						CreatedOnToolsVersion = 9.3;
						TestTargetID = 0756B370215349B700B99C98;
					};
				};
			};
			buildConfigurationList = 0756B36C215349B700B99C98 /* Build configuration list for PBXProject "JXWelcomeView" */;
			compatibilityVersion = "Xcode 9.3";
			developmentRegion = en;
			hasScannedForEncodings = 0;
			knownRegions = (
				en,
				Base,
			);
			mainGroup = 0756B368215349B700B99C98;
			productRefGroup = 0756B372215349B700B99C98 /* Products */;
			projectDirPath = "";
			projectRoot = "";
			targets = (
				0756B370215349B700B99C98 /* JXWelcomeView */,
				0756B388215349B900B99C98 /* JXWelcomeViewTests */,
				0756B393215349B900B99C98 /* JXWelcomeViewUITests */,
			);
		};
/* End PBXProject section */

/* Begin PBXResourcesBuildPhase section */
		0756B36F215349B700B99C98 /* Resources */ = {
			isa = PBXResourcesBuildPhase;
			buildActionMask = 2147483647;
			files = (
				079F9234215A184800FAEE72 /* demo.mp4 in Resources */,
				079F9237215A1C0D00FAEE72 /* welcome_skip_normal@2x.png in Resources */,
				0756B37E215349B800B99C98 /* Assets.xcassets in Resources */,
				079F9238215A1C0D00FAEE72 /* welcome_skip_highlight@2x.png in Resources */,
			);
			runOnlyForDeploymentPostprocessing = 0;
		};
		0756B387215349B900B99C98 /* Resources */ = {
			isa = PBXResourcesBuildPhase;
			buildActionMask = 2147483647;
			files = (
			);
			runOnlyForDeploymentPostprocessing = 0;
		};
		0756B392215349B900B99C98 /* Resources */ = {
			isa = PBXResourcesBuildPhase;
			buildActionMask = 2147483647;
			files = (
			);
			runOnlyForDeploymentPostprocessing = 0;
		};
/* End PBXResourcesBuildPhase section */

/* Begin PBXShellScriptBuildPhase section */
		4D228ACA19F645CFE1658DED /* [CP] Check Pods Manifest.lock */ = {
			isa = PBXShellScriptBuildPhase;
			buildActionMask = 2147483647;
			files = (
			);
			inputPaths = (
				"${PODS_PODFILE_DIR_PATH}/Podfile.lock",
				"${PODS_ROOT}/Manifest.lock",
			);
			name = "[CP] Check Pods Manifest.lock";
			outputPaths = (
				"$(DERIVED_FILE_DIR)/Pods-JXWelcomeViewUITests-checkManifestLockResult.txt",
			);
			runOnlyForDeploymentPostprocessing = 0;
			shellPath = /bin/sh;
			shellScript = "diff \"${PODS_PODFILE_DIR_PATH}/Podfile.lock\" \"${PODS_ROOT}/Manifest.lock\" > /dev/null\nif [ $? != 0 ] ; then\n    # print error to STDERR\n    echo \"error: The sandbox is not in sync with the Podfile.lock. Run 'pod install' or update your CocoaPods installation.\" >&2\n    exit 1\nfi\n# This output is used by Xcode 'outputs' to avoid re-running this script phase.\necho \"SUCCESS\" > \"${SCRIPT_OUTPUT_FILE_0}\"\n";
			showEnvVarsInLog = 0;
		};
		4D4A848B608B0E80B69C3EF5 /* [CP] Check Pods Manifest.lock */ = {
			isa = PBXShellScriptBuildPhase;
			buildActionMask = 2147483647;
			files = (
			);
			inputPaths = (
				"${PODS_PODFILE_DIR_PATH}/Podfile.lock",
				"${PODS_ROOT}/Manifest.lock",
			);
			name = "[CP] Check Pods Manifest.lock";
			outputPaths = (
				"$(DERIVED_FILE_DIR)/Pods-JXWelcomeView-checkManifestLockResult.txt",
			);
			runOnlyForDeploymentPostprocessing = 0;
			shellPath = /bin/sh;
			shellScript = "diff \"${PODS_PODFILE_DIR_PATH}/Podfile.lock\" \"${PODS_ROOT}/Manifest.lock\" > /dev/null\nif [ $? != 0 ] ; then\n    # print error to STDERR\n    echo \"error: The sandbox is not in sync with the Podfile.lock. Run 'pod install' or update your CocoaPods installation.\" >&2\n    exit 1\nfi\n# This output is used by Xcode 'outputs' to avoid re-running this script phase.\necho \"SUCCESS\" > \"${SCRIPT_OUTPUT_FILE_0}\"\n";
			showEnvVarsInLog = 0;
		};
		DD51F7A9C27101170A75B62E /* [CP] Check Pods Manifest.lock */ = {
			isa = PBXShellScriptBuildPhase;
			buildActionMask = 2147483647;
			files = (
			);
			inputPaths = (
				"${PODS_PODFILE_DIR_PATH}/Podfile.lock",
				"${PODS_ROOT}/Manifest.lock",
			);
			name = "[CP] Check Pods Manifest.lock";
			outputPaths = (
				"$(DERIVED_FILE_DIR)/Pods-JXWelcomeViewTests-checkManifestLockResult.txt",
			);
			runOnlyForDeploymentPostprocessing = 0;
			shellPath = /bin/sh;
			shellScript = "diff \"${PODS_PODFILE_DIR_PATH}/Podfile.lock\" \"${PODS_ROOT}/Manifest.lock\" > /dev/null\nif [ $? != 0 ] ; then\n    # print error to STDERR\n    echo \"error: The sandbox is not in sync with the Podfile.lock. Run 'pod install' or update your CocoaPods installation.\" >&2\n    exit 1\nfi\n# This output is used by Xcode 'outputs' to avoid re-running this script phase.\necho \"SUCCESS\" > \"${SCRIPT_OUTPUT_FILE_0}\"\n";
			showEnvVarsInLog = 0;
		};
/* End PBXShellScriptBuildPhase section */

/* Begin PBXSourcesBuildPhase section */
		0756B36D215349B700B99C98 /* Sources */ = {
			isa = PBXSourcesBuildPhase;
			buildActionMask = 2147483647;
			files = (
				0756B384215349B800B99C98 /* main.m in Sources */,
				079F922D215A045100FAEE72 /* UIColor+JXExtend.m in Sources */,
				0756B376215349B700B99C98 /* AppDelegate.m in Sources */,
				079F922E215A045100FAEE72 /* JXUtilities.m in Sources */,
				0756B3AF2153831200B99C98 /* JXWelcomeModel.m in Sources */,
				0756B3AB2153828A00B99C98 /* JXWelcomeVideoView.m in Sources */,
				0756B3B32153834700B99C98 /* WelcomeVC.m in Sources */,
			);
			runOnlyForDeploymentPostprocessing = 0;
		};
		0756B385215349B900B99C98 /* Sources */ = {
			isa = PBXSourcesBuildPhase;
			buildActionMask = 2147483647;
			files = (
				0756B38E215349B900B99C98 /* JXWelcomeViewTests.m in Sources */,
			);
			runOnlyForDeploymentPostprocessing = 0;
		};
		0756B390215349B900B99C98 /* Sources */ = {
			isa = PBXSourcesBuildPhase;
			buildActionMask = 2147483647;
			files = (
				0756B399215349B900B99C98 /* JXWelcomeViewUITests.m in Sources */,
			);
			runOnlyForDeploymentPostprocessing = 0;
		};
/* End PBXSourcesBuildPhase section */

/* Begin PBXTargetDependency section */
		0756B38B215349B900B99C98 /* PBXTargetDependency */ = {
			isa = PBXTargetDependency;
			target = 0756B370215349B700B99C98 /* JXWelcomeView */;
			targetProxy = 0756B38A215349B900B99C98 /* PBXContainerItemProxy */;
		};
		0756B396215349B900B99C98 /* PBXTargetDependency */ = {
			isa = PBXTargetDependency;
			target = 0756B370215349B700B99C98 /* JXWelcomeView */;
			targetProxy = 0756B395215349B900B99C98 /* PBXContainerItemProxy */;
		};
/* End PBXTargetDependency section */

/* Begin XCBuildConfiguration section */
		0756B39B215349B900B99C98 /* Debug */ = {
			isa = XCBuildConfiguration;
			buildSettings = {
				ALWAYS_SEARCH_USER_PATHS = NO;
				CLANG_ANALYZER_NONNULL = YES;
				CLANG_ANALYZER_NUMBER_OBJECT_CONVERSION = YES_AGGRESSIVE;
				CLANG_CXX_LANGUAGE_STANDARD = "gnu++14";
				CLANG_CXX_LIBRARY = "libc++";
				CLANG_ENABLE_MODULES = YES;
				CLANG_ENABLE_OBJC_ARC = YES;
				CLANG_ENABLE_OBJC_WEAK = YES;
				CLANG_WARN_BLOCK_CAPTURE_AUTORELEASING = YES;
				CLANG_WARN_BOOL_CONVERSION = YES;
				CLANG_WARN_COMMA = YES;
				CLANG_WARN_CONSTANT_CONVERSION = YES;
				CLANG_WARN_DEPRECATED_OBJC_IMPLEMENTATIONS = YES;
				CLANG_WARN_DIRECT_OBJC_ISA_USAGE = YES_ERROR;
				CLANG_WARN_DOCUMENTATION_COMMENTS = YES;
				CLANG_WARN_EMPTY_BODY = YES;
				CLANG_WARN_ENUM_CONVERSION = YES;
				CLANG_WARN_INFINITE_RECURSION = YES;
				CLANG_WARN_INT_CONVERSION = YES;
				CLANG_WARN_NON_LITERAL_NULL_CONVERSION = YES;
				CLANG_WARN_OBJC_IMPLICIT_RETAIN_SELF = YES;
				CLANG_WARN_OBJC_LITERAL_CONVERSION = YES;
				CLANG_WARN_OBJC_ROOT_CLASS = YES_ERROR;
				CLANG_WARN_RANGE_LOOP_ANALYSIS = YES;
				CLANG_WARN_STRICT_PROTOTYPES = YES;
				CLANG_WARN_SUSPICIOUS_MOVE = YES;
				CLANG_WARN_UNGUARDED_AVAILABILITY = YES_AGGRESSIVE;
				CLANG_WARN_UNREACHABLE_CODE = YES;
				CLANG_WARN__DUPLICATE_METHOD_MATCH = YES;
				CODE_SIGN_IDENTITY = "iPhone Developer";
				COPY_PHASE_STRIP = NO;
				DEBUG_INFORMATION_FORMAT = dwarf;
				ENABLE_STRICT_OBJC_MSGSEND = YES;
				ENABLE_TESTABILITY = YES;
				GCC_C_LANGUAGE_STANDARD = gnu11;
				GCC_DYNAMIC_NO_PIC = NO;
				GCC_NO_COMMON_BLOCKS = YES;
				GCC_OPTIMIZATION_LEVEL = 0;
				GCC_PREPROCESSOR_DEFINITIONS = (
					"DEBUG=1",
					"$(inherited)",
				);
				GCC_WARN_64_TO_32_BIT_CONVERSION = YES;
				GCC_WARN_ABOUT_RETURN_TYPE = YES_ERROR;
				GCC_WARN_UNDECLARED_SELECTOR = YES;
				GCC_WARN_UNINITIALIZED_AUTOS = YES_AGGRESSIVE;
				GCC_WARN_UNUSED_FUNCTION = YES;
				GCC_WARN_UNUSED_VARIABLE = YES;
				IPHONEOS_DEPLOYMENT_TARGET = 11.3;
				MTL_ENABLE_DEBUG_INFO = YES;
				ONLY_ACTIVE_ARCH = YES;
				SDKROOT = iphoneos;
			};
			name = Debug;
		};
		0756B39C215349B900B99C98 /* Release */ = {
			isa = XCBuildConfiguration;
			buildSettings = {
				ALWAYS_SEARCH_USER_PATHS = NO;
				CLANG_ANALYZER_NONNULL = YES;
				CLANG_ANALYZER_NUMBER_OBJECT_CONVERSION = YES_AGGRESSIVE;
				CLANG_CXX_LANGUAGE_STANDARD = "gnu++14";
				CLANG_CXX_LIBRARY = "libc++";
				CLANG_ENABLE_MODULES = YES;
				CLANG_ENABLE_OBJC_ARC = YES;
				CLANG_ENABLE_OBJC_WEAK = YES;
				CLANG_WARN_BLOCK_CAPTURE_AUTORELEASING = YES;
				CLANG_WARN_BOOL_CONVERSION = YES;
				CLANG_WARN_COMMA = YES;
				CLANG_WARN_CONSTANT_CONVERSION = YES;
				CLANG_WARN_DEPRECATED_OBJC_IMPLEMENTATIONS = YES;
				CLANG_WARN_DIRECT_OBJC_ISA_USAGE = YES_ERROR;
				CLANG_WARN_DOCUMENTATION_COMMENTS = YES;
				CLANG_WARN_EMPTY_BODY = YES;
				CLANG_WARN_ENUM_CONVERSION = YES;
				CLANG_WARN_INFINITE_RECURSION = YES;
				CLANG_WARN_INT_CONVERSION = YES;
				CLANG_WARN_NON_LITERAL_NULL_CONVERSION = YES;
				CLANG_WARN_OBJC_IMPLICIT_RETAIN_SELF = YES;
				CLANG_WARN_OBJC_LITERAL_CONVERSION = YES;
				CLANG_WARN_OBJC_ROOT_CLASS = YES_ERROR;
				CLANG_WARN_RANGE_LOOP_ANALYSIS = YES;
				CLANG_WARN_STRICT_PROTOTYPES = YES;
				CLANG_WARN_SUSPICIOUS_MOVE = YES;
				CLANG_WARN_UNGUARDED_AVAILABILITY = YES_AGGRESSIVE;
				CLANG_WARN_UNREACHABLE_CODE = YES;
				CLANG_WARN__DUPLICATE_METHOD_MATCH = YES;
				CODE_SIGN_IDENTITY = "iPhone Developer";
				COPY_PHASE_STRIP = NO;
				DEBUG_INFORMATION_FORMAT = "dwarf-with-dsym";
				ENABLE_NS_ASSERTIONS = NO;
				ENABLE_STRICT_OBJC_MSGSEND = YES;
				GCC_C_LANGUAGE_STANDARD = gnu11;
				GCC_NO_COMMON_BLOCKS = YES;
				GCC_WARN_64_TO_32_BIT_CONVERSION = YES;
				GCC_WARN_ABOUT_RETURN_TYPE = YES_ERROR;
				GCC_WARN_UNDECLARED_SELECTOR = YES;
				GCC_WARN_UNINITIALIZED_AUTOS = YES_AGGRESSIVE;
				GCC_WARN_UNUSED_FUNCTION = YES;
				GCC_WARN_UNUSED_VARIABLE = YES;
				IPHONEOS_DEPLOYMENT_TARGET = 11.3;
				MTL_ENABLE_DEBUG_INFO = NO;
				SDKROOT = iphoneos;
				VALIDATE_PRODUCT = YES;
			};
			name = Release;
		};
		0756B39E215349B900B99C98 /* Debug */ = {
			isa = XCBuildConfiguration;
			baseConfigurationReference = 401C9AD97A9A4FFD9684706C /* Pods-JXWelcomeView.debug.xcconfig */;
			buildSettings = {
				ASSETCATALOG_COMPILER_APPICON_NAME = AppIcon;
				CODE_SIGN_STYLE = Automatic;
				INFOPLIST_FILE = JXWelcomeView/Info.plist;
				LD_RUNPATH_SEARCH_PATHS = (
					"$(inherited)",
					"@executable_path/Frameworks",
				);
				PRODUCT_BUNDLE_IDENTIFIER = com.JX.JXWelcomeView;
				PRODUCT_NAME = "$(TARGET_NAME)";
				TARGETED_DEVICE_FAMILY = "1,2";
			};
			name = Debug;
		};
		0756B39F215349B900B99C98 /* Release */ = {
			isa = XCBuildConfiguration;
			baseConfigurationReference = AD60EEF31DB390257E1203E0 /* Pods-JXWelcomeView.release.xcconfig */;
			buildSettings = {
				ASSETCATALOG_COMPILER_APPICON_NAME = AppIcon;
				CODE_SIGN_STYLE = Automatic;
				INFOPLIST_FILE = JXWelcomeView/Info.plist;
				LD_RUNPATH_SEARCH_PATHS = (
					"$(inherited)",
					"@executable_path/Frameworks",
				);
				PRODUCT_BUNDLE_IDENTIFIER = com.JX.JXWelcomeView;
				PRODUCT_NAME = "$(TARGET_NAME)";
				TARGETED_DEVICE_FAMILY = "1,2";
			};
			name = Release;
		};
		0756B3A1215349B900B99C98 /* Debug */ = {
			isa = XCBuildConfiguration;
			baseConfigurationReference = E76251B064602EEC4F2CF03E /* Pods-JXWelcomeViewTests.debug.xcconfig */;
			buildSettings = {
				BUNDLE_LOADER = "$(TEST_HOST)";
				CODE_SIGN_STYLE = Automatic;
				INFOPLIST_FILE = JXWelcomeViewTests/Info.plist;
				LD_RUNPATH_SEARCH_PATHS = (
					"$(inherited)",
					"@executable_path/Frameworks",
					"@loader_path/Frameworks",
				);
				PRODUCT_BUNDLE_IDENTIFIER = com.JX.JXWelcomeViewTests;
				PRODUCT_NAME = "$(TARGET_NAME)";
				TARGETED_DEVICE_FAMILY = "1,2";
				TEST_HOST = "$(BUILT_PRODUCTS_DIR)/JXWelcomeView.app/JXWelcomeView";
			};
			name = Debug;
		};
		0756B3A2215349B900B99C98 /* Release */ = {
			isa = XCBuildConfiguration;
			baseConfigurationReference = 49AAA760A5F94B7447FE7EA6 /* Pods-JXWelcomeViewTests.release.xcconfig */;
			buildSettings = {
				BUNDLE_LOADER = "$(TEST_HOST)";
				CODE_SIGN_STYLE = Automatic;
				INFOPLIST_FILE = JXWelcomeViewTests/Info.plist;
				LD_RUNPATH_SEARCH_PATHS = (
					"$(inherited)",
					"@executable_path/Frameworks",
					"@loader_path/Frameworks",
				);
				PRODUCT_BUNDLE_IDENTIFIER = com.JX.JXWelcomeViewTests;
				PRODUCT_NAME = "$(TARGET_NAME)";
				TARGETED_DEVICE_FAMILY = "1,2";
				TEST_HOST = "$(BUILT_PRODUCTS_DIR)/JXWelcomeView.app/JXWelcomeView";
			};
			name = Release;
		};
		0756B3A4215349B900B99C98 /* Debug */ = {
			isa = XCBuildConfiguration;
			baseConfigurationReference = 261E048F6AC1AB6381F1B285 /* Pods-JXWelcomeViewUITests.debug.xcconfig */;
			buildSettings = {
				CODE_SIGN_STYLE = Automatic;
				INFOPLIST_FILE = JXWelcomeViewUITests/Info.plist;
				LD_RUNPATH_SEARCH_PATHS = (
					"$(inherited)",
					"@executable_path/Frameworks",
					"@loader_path/Frameworks",
				);
				PRODUCT_BUNDLE_IDENTIFIER = com.JX.JXWelcomeViewUITests;
				PRODUCT_NAME = "$(TARGET_NAME)";
				TARGETED_DEVICE_FAMILY = "1,2";
				TEST_TARGET_NAME = JXWelcomeView;
			};
			name = Debug;
		};
		0756B3A5215349B900B99C98 /* Release */ = {
			isa = XCBuildConfiguration;
			baseConfigurationReference = 04D2AB0A11789A20F5C770E3 /* Pods-JXWelcomeViewUITests.release.xcconfig */;
			buildSettings = {
				CODE_SIGN_STYLE = Automatic;
				INFOPLIST_FILE = JXWelcomeViewUITests/Info.plist;
				LD_RUNPATH_SEARCH_PATHS = (
					"$(inherited)",
					"@executable_path/Frameworks",
					"@loader_path/Frameworks",
				);
				PRODUCT_BUNDLE_IDENTIFIER = com.JX.JXWelcomeViewUITests;
				PRODUCT_NAME = "$(TARGET_NAME)";
				TARGETED_DEVICE_FAMILY = "1,2";
				TEST_TARGET_NAME = JXWelcomeView;
			};
			name = Release;
		};
/* End XCBuildConfiguration section */

/* Begin XCConfigurationList section */
		0756B36C215349B700B99C98 /* Build configuration list for PBXProject "JXWelcomeView" */ = {
			isa = XCConfigurationList;
			buildConfigurations = (
				0756B39B215349B900B99C98 /* Debug */,
				0756B39C215349B900B99C98 /* Release */,
			);
			defaultConfigurationIsVisible = 0;
			defaultConfigurationName = Release;
		};
		0756B39D215349B900B99C98 /* Build configuration list for PBXNativeTarget "JXWelcomeView" */ = {
			isa = XCConfigurationList;
			buildConfigurations = (
				0756B39E215349B900B99C98 /* Debug */,
				0756B39F215349B900B99C98 /* Release */,
			);
			defaultConfigurationIsVisible = 0;
			defaultConfigurationName = Release;
		};
		0756B3A0215349B900B99C98 /* Build configuration list for PBXNativeTarget "JXWelcomeViewTests" */ = {
			isa = XCConfigurationList;
			buildConfigurations = (
				0756B3A1215349B900B99C98 /* Debug */,
				0756B3A2215349B900B99C98 /* Release */,
			);
			defaultConfigurationIsVisible = 0;
			defaultConfigurationName = Release;
		};
		0756B3A3215349B900B99C98 /* Build configuration list for PBXNativeTarget "JXWelcomeViewUITests" */ = {
			isa = XCConfigurationList;
			buildConfigurations = (
				0756B3A4215349B900B99C98 /* Debug */,
				0756B3A5215349B900B99C98 /* Release */,
			);
			defaultConfigurationIsVisible = 0;
			defaultConfigurationName = Release;
		};
/* End XCConfigurationList section */
	};
	rootObject = 0756B369215349B700B99C98 /* Project object */;
}
